dependencies:
  idf:
    source:
      type: idf
    version: 5.5.4
  m5stack/m5gfx:
    component_hash: 8e19e000cfb2724e55040392cc2a461a2aa4ad217978b7d4b7465bca4149d12f
    dependencies: []
    source:
      registry_url: https://components.espressif.com
      type: service
    version: 0.2.24
  m5stack/m5unified:
    component_hash: 363c05d034f103471dcbe76e5e0773ecc0fe263212930259867212341b1e48a4
    dependencies:
    - name: m5stack/m5gfx
      registry_url: https://components.espressif.com
      require: private
      version: '>=0.2.22'
    source:
      registry_url: https://components.espressif.com/
      type: service
    version: 0.2.17
direct_dependencies:
- idf
- m5stack/m5unified
manifest_hash: 68f00685fa467810405c5df1480766646ea80e5f166b500d4f8148a21d909ef9
target: esp32s3
version: 2.0.0
